<?xml version="1.0" encoding="utf-8"?>
<Project ToolsVersion="4.0" xmlns="http://schemas.microsoft.com/developer/msbuild/2003">
  <ItemGroup>
    <Filter Include="Source Files">
      <UniqueIdentifier>{4FC737F1-C7A5-4376-A066-2A32D752A2FF}</UniqueIdentifier>
      <Extensions>cpp;c;cc;cxx;c++;cppm;ixx;def;odl;idl;hpj;bat;asm;asmx</Extensions>
    </Filter>
    <Filter Include="Window">
      <UniqueIdentifier>{9c7a75f3-beba-4748-ba93-cf4c0e944e69}</UniqueIdentifier>
    </Filter>
    <Filter Include="VulkanInstance">
      <UniqueIdentifier>{dc6ecad1-eb1b-4765-ab22-e2e513f10370}</UniqueIdentifier>
    </Filter>
    <Filter Include="VulkanDevice">
      <UniqueIdentifier>{ec145fd0-d851-4d39-b615-89847df28557}</UniqueIdentifier>
    </Filter>
    <Filter Include="VulkanClient">
      <UniqueIdentifier>{2e52d9a7-7755-4c93-a51c-e3d07ff4e22c}</UniqueIdentifier>
    </Filter>
    <Filter Include="GraphicsPipeline">
      <UniqueIdentifier>{5989d273-6473-4dab-b778-cfd59b29115c}</UniqueIdentifier>
    </Filter>
    <Filter Include="Example Shaders">
      <UniqueIdentifier>{c2cfd44e-bda4-4d02-8836-1e0f0d9a27f5}</UniqueIdentifier>
    </Filter>
    <Filter Include="Meshes">
      <UniqueIdentifier>{b94e4185-f3d3-4cb9-8a2f-d2be9a6b0be3}</UniqueIdentifier>
    </Filter>
    <Filter Include="Shading">
      <UniqueIdentifier>{9fca90ab-116d-44b6-b5db-8663daee7bbd}</UniqueIdentifier>
    </Filter>
    <Filter Include="IO">
      <UniqueIdentifier>{6d8bdd21-2021-488a-9a05-2e6a8867cc82}</UniqueIdentifier>
    </Filter>
    <Filter Include="CommandPool">
      <UniqueIdentifier>{48ffa94c-6d9c-438f-9522-0b32720c3e6f}</UniqueIdentifier>
    </Filter>
  </ItemGroup>
  <ItemGroup>
    <ClCompile Include="main.cpp">
      <Filter>Source Files</Filter>
    </ClCompile>
    <ClCompile Include="Window.cpp">
      <Filter>Window</Filter>
    </ClCompile>
    <ClCompile Include="VulkanInstance.cpp">
      <Filter>VulkanInstance</Filter>
    </ClCompile>
    <ClCompile Include="Device.cpp">
      <Filter>VulkanDevice</Filter>
    </ClCompile>
    <ClCompile Include="VulkanClient.cpp">
      <Filter>VulkanClient</Filter>
    </ClCompile>
    <ClCompile Include="GraphicsPipeline.cpp">
      <Filter>GraphicsPipeline</Filter>
    </ClCompile>
    <ClCompile Include="Vertex.cpp">
      <Filter>Meshes</Filter>
    </ClCompile>
    <ClCompile Include="Mesh.cpp">
      <Filter>Meshes</Filter>
    </ClCompile>
    <ClCompile Include="Buffer.cpp">
      <Filter>VulkanDevice</Filter>
    </ClCompile>
    <ClCompile Include="QueueFamily.cpp">
      <Filter>GraphicsPipeline</Filter>
    </ClCompile>
    <ClCompile Include="SwapChain.cpp">
      <Filter>GraphicsPipeline</Filter>
    </ClCompile>
    <ClCompile Include="Shader.cpp">
      <Filter>Shading</Filter>
    </ClCompile>
    <ClCompile Include="Texture.cpp">
      <Filter>Shading</Filter>
    </ClCompile>
    <ClCompile Include="PNGImage.cpp">
      <Filter>IO</Filter>
    </ClCompile>
    <ClCompile Include="CommandPool.cpp">
      <Filter>CommandPool</Filter>
    </ClCompile>
    <ClCompile Include="DescriptorPool.cpp">
      <Filter>CommandPool</Filter>
    </ClCompile>
    <ClCompile Include="CommandBufferPool.cpp">
      <Filter>CommandPool</Filter>
    </ClCompile>
    <ClCompile Include="UBO.cpp">
      <Filter>Meshes</Filter>
    </ClCompile>
    <ClCompile Include="VulkanRenderer.cpp">
      <Filter>VulkanClient</Filter>
    </ClCompile>
    <ClCompile Include="TextureSampler.cpp">
      <Filter>Shading</Filter>
    </ClCompile>
  </ItemGroup>
  <ItemGroup>
    <ClInclude Include="Window.h">
      <Filter>Window</Filter>
    </ClInclude>
    <ClInclude Include="VulkanInstance.h">
      <Filter>VulkanInstance</Filter>
    </ClInclude>
    <ClInclude Include="Device.h">
      <Filter>VulkanDevice</Filter>
    </ClInclude>
    <ClInclude Include="VulkanClient.h">
      <Filter>VulkanClient</Filter>
    </ClInclude>
    <ClInclude Include="GraphicsPipeline.h">
      <Filter>GraphicsPipeline</Filter>
    </ClInclude>
    <ClInclude Include="Vertex.h">
      <Filter>Meshes</Filter>
    </ClInclude>
    <ClInclude Include="Mesh.h">
      <Filter>Meshes</Filter>
    </ClInclude>
    <ClInclude Include="Buffer.h">
      <Filter>VulkanDevice</Filter>
    </ClInclude>
    <ClInclude Include="QueueFamily.h">
      <Filter>GraphicsPipeline</Filter>
    </ClInclude>
    <ClInclude Include="SwapChain.h">
      <Filter>GraphicsPipeline</Filter>
    </ClInclude>
    <ClInclude Include="Shader.h">
      <Filter>Shading</Filter>
    </ClInclude>
    <ClInclude Include="Texture.h">
      <Filter>Shading</Filter>
    </ClInclude>
    <ClInclude Include="PNGImage.h">
      <Filter>IO</Filter>
    </ClInclude>
    <ClInclude Include="CommandPool.h">
      <Filter>CommandPool</Filter>
    </ClInclude>
    <ClInclude Include="DescriptorPool.h">
      <Filter>CommandPool</Filter>
    </ClInclude>
    <ClInclude Include="CommandBufferPool.h">
      <Filter>CommandPool</Filter>
    </ClInclude>
    <ClInclude Include="UBO.h">
      <Filter>Meshes</Filter>
    </ClInclude>
    <ClInclude Include="VulkanRenderer.h">
      <Filter>VulkanClient</Filter>
    </ClInclude>
    <ClInclude Include="TextureSampler.h">
      <Filter>Shading</Filter>
    </ClInclude>
  </ItemGroup>
  <ItemGroup>
    <None Include="shader.frag">
      <Filter>Example Shaders</Filter>
    </None>
    <None Include="shader.vert">
      <Filter>Example Shaders</Filter>
    </None>
  </ItemGroup>
</Project>